
Microsoft Visual Studio Solution File, Format Version 12.00
Project("{FAE04EC0-301F-11D3-BF4B-00C04F79EFBC}") = "Playlist_Saver", "Playlist_Saver.csproj", "{3353AD36-1A61-4830-AD11-7536AD5D562F}"
EndProject
Global
	GlobalSection(SolutionConfigurationPlatforms) = preSolution
		Debug|Any CPU = Debug|Any CPU
		Release|Any CPU = Release|Any CPU
	EndGlobalSection
	GlobalSection(ProjectConfigurationPlatforms) = postSolution
		{3353AD36-1A61-4830-AD11-7536AD5D562F}.Debug|Any CPU.ActiveCfg = Debug|Any CPU
		{3353AD36-1A61-4830-AD11-7536AD5D562F}.Debug|Any CPU.Build.0 = Debug|Any CPU
		{3353AD36-1A61-4830-AD11-7536AD5D562F}.Release|Any CPU.ActiveCfg = Release|Any CPU
		{3353AD36-1A61-4830-AD11-7536AD5D562F}.Release|Any CPU.Build.0 = Release|Any CPU
	EndGlobalSection
EndGlobal
